{
  "name": "nextjs-blog",
  "lockfileVersion": 3,
  "requires": true,
  "packages": {
    "": {
      "dependencies": {
        "@polkadot/extension-dapp": "^0.45.4",
        "@polkadot/util": "^11.1.2",
        "@polkadot/util-crypto": "^11.1.2",
        "gray-matter": "^4.0.3",
        "next": "latest",
        "react": "18.2.0",
        "react-dom": "18.2.0"
      }
    },
    "node_modules/@next/env": {
      "version": "13.2.4",
      "resolved": "https://registry.npmjs.org/@next/env/-/env-13.2.4.tgz",
      "integrity": "sha512-+Mq3TtpkeeKFZanPturjcXt+KHfKYnLlX6jMLyCrmpq6OOs4i1GqBOAauSkii9QeKCMTYzGppar21JU57b/GEA=="
    },
    "node_modules/@next/swc-android-arm-eabi": {
      "version": "13.2.4",
      "resolved": "https://registry.npmjs.org/@next/swc-android-arm-eabi/-/swc-android-arm-eabi-13.2.4.tgz",
      "integrity": "sha512-DWlalTSkLjDU11MY11jg17O1gGQzpRccM9Oes2yTqj2DpHndajrXHGxj9HGtJ+idq2k7ImUdJVWS2h2l/EDJOw==",
      "cpu": [
        "arm"
      ],
      "optional": true,
      "os": [
        "android"
      ],
      "engines": {
        "node": ">= 10"
      }
    },
    "node_modules/@next/swc-android-arm64": {
      "version": "13.2.4",
      "resolved": "https://registry.npmjs.org/@next/swc-android-arm64/-/swc-android-arm64-13.2.4.tgz",
      "integrity": "sha512-sRavmUImUCf332Gy+PjIfLkMhiRX1Ez4SI+3vFDRs1N5eXp+uNzjFUK/oLMMOzk6KFSkbiK/3Wt8+dHQR/flNg==",
      "cpu": [
        "arm64"
      ],
      "optional": true,
      "os": [
        "android"
      ],
      "engines": {
        "node": ">= 10"
      }
    },
    "node_modules/@next/swc-darwin-arm64": {
      "version": "13.2.4",
      "resolved": "https://registry.npmjs.org/@next/swc-darwin-arm64/-/swc-darwin-arm64-13.2.4.tgz",
      "integrity": "sha512-S6vBl+OrInP47TM3LlYx65betocKUUlTZDDKzTiRDbsRESeyIkBtZ6Qi5uT2zQs4imqllJznVjFd1bXLx3Aa6A==",
      "cpu": [
        "arm64"
      ],
      "optional": true,
      "os": [
        "darwin"
      ],
      "engines": {
        "node": ">= 10"
      }
    },
    "node_modules/@next/swc-darwin-x64": {
      "version": "13.2.4",
      "resolved": "https://registry.npmjs.org/@next/swc-darwin-x64/-/swc-darwin-x64-13.2.4.tgz",
      "integrity": "sha512-a6LBuoYGcFOPGd4o8TPo7wmv5FnMr+Prz+vYHopEDuhDoMSHOnC+v+Ab4D7F0NMZkvQjEJQdJS3rqgFhlZmKlw==",
      "cpu": [
        "x64"
      ],
      "optional": true,
      "os": [
        "darwin"
      ],
      "engines": {
        "node": ">= 10"
      }
    },
    "node_modules/@next/swc-freebsd-x64": {
      "version": "13.2.4",
      "resolved": "https://registry.npmjs.org/@next/swc-freebsd-x64/-/swc-freebsd-x64-13.2.4.tgz",
      "integrity": "sha512-kkbzKVZGPaXRBPisoAQkh3xh22r+TD+5HwoC5bOkALraJ0dsOQgSMAvzMXKsN3tMzJUPS0tjtRf1cTzrQ0I5vQ==",
      "cpu": [
        "x64"
      ],
      "optional": true,
      "os": [
        "freebsd"
      ],
      "engines": {
        "node": ">= 10"
      }
    },
    "node_modules/@next/swc-linux-arm-gnueabihf": {
      "version": "13.2.4",
      "resolved": "https://registry.npmjs.org/@next/swc-linux-arm-gnueabihf/-/swc-linux-arm-gnueabihf-13.2.4.tgz",
      "integrity": "sha512-7qA1++UY0fjprqtjBZaOA6cas/7GekpjVsZn/0uHvquuITFCdKGFCsKNBx3S0Rpxmx6WYo0GcmhNRM9ru08BGg==",
      "cpu": [
        "arm"
      ],
      "optional": true,
      "os": [
        "linux"
      ],
      "engines": {
        "node": ">= 10"
      }
    },
    "node_modules/@next/swc-linux-arm64-gnu": {
      "version": "13.2.4",
      "resolved": "https://registry.npmjs.org/@next/swc-linux-arm64-gnu/-/swc-linux-arm64-gnu-13.2.4.tgz",
      "integrity": "sha512-xzYZdAeq883MwXgcwc72hqo/F/dwUxCukpDOkx/j1HTq/J0wJthMGjinN9wH5bPR98Mfeh1MZJ91WWPnZOedOg==",
      "cpu": [
        "arm64"
      ],
      "optional": true,
      "os": [
        "linux"
      ],
      "engines": {
        "node": ">= 10"
      }
    },
    "node_modules/@next/swc-linux-arm64-musl": {
      "version": "13.2.4",
      "resolved": "https://registry.npmjs.org/@next/swc-linux-arm64-musl/-/swc-linux-arm64-musl-13.2.4.tgz",
      "integrity": "sha512-8rXr3WfmqSiYkb71qzuDP6I6R2T2tpkmf83elDN8z783N9nvTJf2E7eLx86wu2OJCi4T05nuxCsh4IOU3LQ5xw==",
      "cpu": [
        "arm64"
      ],
      "optional": true,
      "os": [
        "linux"
      ],
      "engines": {
        "node": ">= 10"
      }
    },
    "node_modules/@next/swc-linux-x64-gnu": {
      "version": "13.2.4",
      "resolved": "https://registry.npmjs.org/@next/swc-linux-x64-gnu/-/swc-linux-x64-gnu-13.2.4.tgz",
      "integrity": "sha512-Ngxh51zGSlYJ4EfpKG4LI6WfquulNdtmHg1yuOYlaAr33KyPJp4HeN/tivBnAHcZkoNy0hh/SbwDyCnz5PFJQQ==",
      "cpu": [
        "x64"
      ],
      "optional": true,
      "os": [
        "linux"
      ],
      "engines": {
        "node": ">= 10"
      }
    },
    "node_modules/@next/swc-linux-x64-musl": {
      "version": "13.2.4",
      "resolved": "https://registry.npmjs.org/@next/swc-linux-x64-musl/-/swc-linux-x64-musl-13.2.4.tgz",
      "integrity": "sha512-gOvwIYoSxd+j14LOcvJr+ekd9fwYT1RyMAHOp7znA10+l40wkFiMONPLWiZuHxfRk+Dy7YdNdDh3ImumvL6VwA==",
      "cpu": [
        "x64"
      ],
      "optional": true,
      "os": [
        "linux"
      ],
      "engines": {
        "node": ">= 10"
      }
    },
    "node_modules/@next/swc-win32-arm64-msvc": {
      "version": "13.2.4",
      "resolved": "https://registry.npmjs.org/@next/swc-win32-arm64-msvc/-/swc-win32-arm64-msvc-13.2.4.tgz",
      "integrity": "sha512-q3NJzcfClgBm4HvdcnoEncmztxrA5GXqKeiZ/hADvC56pwNALt3ngDC6t6qr1YW9V/EPDxCYeaX4zYxHciW4Dw==",
      "cpu": [
        "arm64"
      ],
      "optional": true,
      "os": [
        "win32"
      ],
      "engines": {
        "node": ">= 10"
      }
    },
    "node_modules/@next/swc-win32-ia32-msvc": {
      "version": "13.2.4",
      "resolved": "https://registry.npmjs.org/@next/swc-win32-ia32-msvc/-/swc-win32-ia32-msvc-13.2.4.tgz",
      "integrity": "sha512-/eZ5ncmHUYtD2fc6EUmAIZlAJnVT2YmxDsKs1Ourx0ttTtvtma/WKlMV5NoUsyOez0f9ExLyOpeCoz5aj+MPXw==",
      "cpu": [
        "ia32"
      ],
      "optional": true,
      "os": [
        "win32"
      ],
      "engines": {
        "node": ">= 10"
      }
    },
    "node_modules/@next/swc-win32-x64-msvc": {
      "version": "13.2.4",
      "resolved": "https://registry.npmjs.org/@next/swc-win32-x64-msvc/-/swc-win32-x64-msvc-13.2.4.tgz",
      "integrity": "sha512-0MffFmyv7tBLlji01qc0IaPP/LVExzvj7/R5x1Jph1bTAIj4Vu81yFQWHHQAP6r4ff9Ukj1mBK6MDNVXm7Tcvw==",
      "cpu": [
        "x64"
      ],
      "optional": true,
      "os": [
        "win32"
      ],
      "engines": {
        "node": ">= 10"
      }
    },
    "node_modules/@noble/hashes": {
      "version": "1.3.0",
      "resolved": "https://registry.npmjs.org/@noble/hashes/-/hashes-1.3.0.tgz",
      "integrity": "sha512-ilHEACi9DwqJB0pw7kv+Apvh50jiiSyR/cQ3y4W7lOR5mhvn/50FLUfsnfJz0BDZtl/RR16kXvptiv6q1msYZg==",
      "funding": [
        {
          "type": "individual",
          "url": "https://paulmillr.com/funding/"
        }
      ]
    },
    "node_modules/@noble/secp256k1": {
      "version": "1.7.1",
      "resolved": "https://registry.npmjs.org/@noble/secp256k1/-/secp256k1-1.7.1.tgz",
      "integrity": "sha512-hOUk6AyBFmqVrv7k5WAw/LpszxVbj9gGN4JRkIX52fdFAj1UA61KXmZDvqVEm+pOyec3+fIeZB02LYa/pWOArw==",
      "funding": [
        {
          "type": "individual",
          "url": "https://paulmillr.com/funding/"
        }
      ]
    },
    "node_modules/@polkadot/api": {
      "version": "10.2.1",
      "resolved": "https://registry.npmjs.org/@polkadot/api/-/api-10.2.1.tgz",
      "integrity": "sha512-T8wXJQIZIM5vow1mU9JE2KN2/lFwBGK2YGnZdHRuLJY0QWn+z8FuJik9kEtgNcZ7gjPnT/rBXd71V3PxixvxcA==",
      "peer": true,
      "dependencies": {
        "@polkadot/api-augment": "10.2.1",
        "@polkadot/api-base": "10.2.1",
        "@polkadot/api-derive": "10.2.1",
        "@polkadot/keyring": "^11.1.2",
        "@polkadot/rpc-augment": "10.2.1",
        "@polkadot/rpc-core": "10.2.1",
        "@polkadot/rpc-provider": "10.2.1",
        "@polkadot/types": "10.2.1",
        "@polkadot/types-augment": "10.2.1",
        "@polkadot/types-codec": "10.2.1",
        "@polkadot/types-create": "10.2.1",
        "@polkadot/types-known": "10.2.1",
        "@polkadot/util": "^11.1.2",
        "@polkadot/util-crypto": "^11.1.2",
        "eventemitter3": "^5.0.0",
        "rxjs": "^7.8.0",
        "tslib": "^2.5.0"
      },
      "engines": {
        "node": ">=14"
      }
    },
    "node_modules/@polkadot/api-augment": {
      "version": "10.2.1",
      "resolved": "https://registry.npmjs.org/@polkadot/api-augment/-/api-augment-10.2.1.tgz",
      "integrity": "sha512-fqxm+B0ASA5bdacOMk/YuVUGuRZT/B0iLOoaUSy2Z9yA4qx1mZnazwzIIkfHxTdcpEw8+prRmgv0EMXxMvmA0g==",
      "peer": true,
      "dependencies": {
        "@polkadot/api-base": "10.2.1",
        "@polkadot/rpc-augment": "10.2.1",
        "@polkadot/types": "10.2.1",
        "@polkadot/types-augment": "10.2.1",
        "@polkadot/types-codec": "10.2.1",
        "@polkadot/util": "^11.1.2",
        "tslib": "^2.5.0"
      },
      "engines": {
        "node": ">=14"
      }
    },
    "node_modules/@polkadot/api-base": {
      "version": "10.2.1",
      "resolved": "https://registry.npmjs.org/@polkadot/api-base/-/api-base-10.2.1.tgz",
      "integrity": "sha512-SLWjdzAGyVINsMa8V0XPK8npnJWUObuOlRmJ6kcxcwBi4BTJJeDMIp7HsATrxwhdBWZr7uuk+bQi+7ADH8yzvA==",
      "peer": true,
      "dependencies": {
        "@polkadot/rpc-core": "10.2.1",
        "@polkadot/types": "10.2.1",
        "@polkadot/util": "^11.1.2",
        "rxjs": "^7.8.0",
        "tslib": "^2.5.0"
      },
      "engines": {
        "node": ">=14"
      }
    },
    "node_modules/@polkadot/api-derive": {
      "version": "10.2.1",
      "resolved": "https://registry.npmjs.org/@polkadot/api-derive/-/api-derive-10.2.1.tgz",
      "integrity": "sha512-rLd4n57weI74A2hlDMoS/TmeKdzdyztWMRf4PznN6W2+31bfI9IOtmJaxUs8ZxEYO5nbHOZRzy6l4d+8HhC+5g==",
      "peer": true,
      "dependencies": {
        "@polkadot/api": "10.2.1",
        "@polkadot/api-augment": "10.2.1",
        "@polkadot/api-base": "10.2.1",
        "@polkadot/rpc-core": "10.2.1",
        "@polkadot/types": "10.2.1",
        "@polkadot/types-codec": "10.2.1",
        "@polkadot/util": "^11.1.2",
        "@polkadot/util-crypto": "^11.1.2",
        "rxjs": "^7.8.0",
        "tslib": "^2.5.0"
      },
      "engines": {
        "node": ">=14"
      }
    },
    "node_modules/@polkadot/extension-dapp": {
      "version": "0.45.4",
      "resolved": "https://registry.npmjs.org/@polkadot/extension-dapp/-/extension-dapp-0.45.4.tgz",
      "integrity": "sha512-lVrjrVgLEjT/r+UJHF/GWA31J/HurPqN+KLAlK+7sST3bHsGwoIWc4Q2HiMgmPtA42r0eECllk2W8JtoqSUOaw==",
      "dependencies": {
        "@polkadot/extension-inject": "^0.45.4",
        "@polkadot/util": "^11.1.2",
        "@polkadot/util-crypto": "^11.1.2",
        "tslib": "^2.5.0"
      },
      "engines": {
        "node": ">=14"
      },
      "peerDependencies": {
        "@polkadot/api": "*",
        "@polkadot/util": "*",
        "@polkadot/util-crypto": "*"
      }
    },
    "node_modules/@polkadot/extension-inject": {
      "version": "0.45.4",
      "resolved": "https://registry.npmjs.org/@polkadot/extension-inject/-/extension-inject-0.45.4.tgz",
      "integrity": "sha512-JJgUmlNm/u8mold3/i5KKechfDzvQvau2H+QIEbBz0fYIS/daOupSYDh2m2WTkkFt8ci5E+hKNbt3BrReoWMog==",
      "dependencies": {
        "@polkadot/rpc-provider": "^10.2.1",
        "@polkadot/types": "^10.2.1",
        "@polkadot/util": "^11.1.2",
        "@polkadot/util-crypto": "^11.1.2",
        "@polkadot/x-global": "^11.1.2",
        "tslib": "^2.5.0"
      },
      "engines": {
        "node": ">=14"
      },
      "peerDependencies": {
        "@polkadot/api": "*"
      }
    },
    "node_modules/@polkadot/keyring": {
      "version": "11.1.2",
      "resolved": "https://registry.npmjs.org/@polkadot/keyring/-/keyring-11.1.2.tgz",
      "integrity": "sha512-LvyvVTvW9gZ3HyYuSfozRI9fKMJNP33LSVoABNHDY3nUPBFPTitEgMtInw6RJkTy2oWGU5C+dEFmtxjb9NvA8g==",
      "dependencies": {
        "@polkadot/util": "11.1.2",
        "@polkadot/util-crypto": "11.1.2",
        "tslib": "^2.5.0"
      },
      "engines": {
        "node": ">=14"
      },
      "peerDependencies": {
        "@polkadot/util": "11.1.2",
        "@polkadot/util-crypto": "11.1.2"
      }
    },
    "node_modules/@polkadot/networks": {
      "version": "11.1.2",
      "resolved": "https://registry.npmjs.org/@polkadot/networks/-/networks-11.1.2.tgz",
      "integrity": "sha512-nYWykUlIdWsFhkEy/uette0nxF1KqmcPBeMqTbvpPdQqGkfZmb6Vfpm8mVRSxPhYLu8D7El7VO+Xz/HK6JLeQQ==",
      "dependencies": {
        "@polkadot/util": "11.1.2",
        "@substrate/ss58-registry": "^1.39.0",
        "tslib": "^2.5.0"
      },
      "engines": {
        "node": ">=14"
      }
    },
    "node_modules/@polkadot/rpc-augment": {
      "version": "10.2.1",
      "resolved": "https://registry.npmjs.org/@polkadot/rpc-augment/-/rpc-augment-10.2.1.tgz",
      "integrity": "sha512-opWg0//5FsIpu3Mi7UKHGCgu6Azrrhqpwc8by4vhW73gAVuJ5kxGcfJPy4m8pBA0omChD/l33PnhRlc9LkNRYg==",
      "peer": true,
      "dependencies": {
        "@polkadot/rpc-core": "10.2.1",
        "@polkadot/types": "10.2.1",
        "@polkadot/types-codec": "10.2.1",
        "@polkadot/util": "^11.1.2",
        "tslib": "^2.5.0"
      },
      "engines": {
        "node": ">=14"
      }
    },
    "node_modules/@polkadot/rpc-core": {
      "version": "10.2.1",
      "resolved": "https://registry.npmjs.org/@polkadot/rpc-core/-/rpc-core-10.2.1.tgz",
      "integrity": "sha512-v7InyKGCxZKbsBcN4f0oIAE3f7mY+dCe6q11iCwAS8dAilXwfXDuZ1kwaSIxwZKRCMIWqwlVM8tNij48AWr04A==",
      "peer": true,
      "dependencies": {
        "@polkadot/rpc-augment": "10.2.1",
        "@polkadot/rpc-provider": "10.2.1",
        "@polkadot/types": "10.2.1",
        "@polkadot/util": "^11.1.2",
        "rxjs": "^7.8.0",
        "tslib": "^2.5.0"
      },
      "engines": {
        "node": ">=14"
      }
    },
    "node_modules/@polkadot/rpc-provider": {
      "version": "10.2.1",
      "resolved": "https://registry.npmjs.org/@polkadot/rpc-provider/-/rpc-provider-10.2.1.tgz",
      "integrity": "sha512-Zg+6tXwrd/oH/mGW+HoGcwmqTUfusMSugDyL8ccNd+y9iU2d0AlZMbPBvOE4zIP3C2HCM7qye8ndaXzZNezvvA==",
      "dependencies": {
        "@polkadot/keyring": "^11.1.2",
        "@polkadot/types": "10.2.1",
        "@polkadot/types-support": "10.2.1",
        "@polkadot/util": "^11.1.2",
        "@polkadot/util-crypto": "^11.1.2",
        "@polkadot/x-fetch": "^11.1.2",
        "@polkadot/x-global": "^11.1.2",
        "@polkadot/x-ws": "^11.1.2",
        "eventemitter3": "^5.0.0",
        "mock-socket": "^9.2.1",
        "nock": "^13.3.0",
        "tslib": "^2.5.0"
      },
      "engines": {
        "node": ">=14"
      },
      "optionalDependencies": {
        "@substrate/connect": "0.7.22"
      }
    },
    "node_modules/@polkadot/types": {
      "version": "10.2.1",
      "resolved": "https://registry.npmjs.org/@polkadot/types/-/types-10.2.1.tgz",
      "integrity": "sha512-P1v+R+ejvJP7ar1oTXxFUEYSQf/94PtwJaZj7K5AW5mUOfrnU2FLWv8c/W5voJNT0bMXcPAfnhF6X7ufUuf0Bg==",
      "dependencies": {
        "@polkadot/keyring": "^11.1.2",
        "@polkadot/types-augment": "10.2.1",
        "@polkadot/types-codec": "10.2.1",
        "@polkadot/types-create": "10.2.1",
        "@polkadot/util": "^11.1.2",
        "@polkadot/util-crypto": "^11.1.2",
        "rxjs": "^7.8.0",
        "tslib": "^2.5.0"
      },
      "engines": {
        "node": ">=14"
      }
    },
    "node_modules/@polkadot/types-augment": {
      "version": "10.2.1",
      "resolved": "https://registry.npmjs.org/@polkadot/types-augment/-/types-augment-10.2.1.tgz",
      "integrity": "sha512-WCnL8a2vT/GSrVnWty1pHZhXK2rkYMCon/Ml7kJL+Xk72EPua1lLwUCAC2ct9uyFuqamjIuyWGo0dz34CvrYZw==",
      "dependencies": {
        "@polkadot/types": "10.2.1",
        "@polkadot/types-codec": "10.2.1",
        "@polkadot/util": "^11.1.2",
        "tslib": "^2.5.0"
      },
      "engines": {
        "node": ">=14"
      }
    },
    "node_modules/@polkadot/types-codec": {
      "version": "10.2.1",
      "resolved": "https://registry.npmjs.org/@polkadot/types-codec/-/types-codec-10.2.1.tgz",
      "integrity": "sha512-0H88kead5dLwST2JHGZw91Mq0iifdeXCCCCxTYaGL78naEdEEAUDb6emkr+wzhshoUT4/6iG6a56Idt/Sl+nSQ==",
      "dependencies": {
        "@polkadot/util": "^11.1.2",
        "@polkadot/x-bigint": "^11.1.2",
        "tslib": "^2.5.0"
      },
      "engines": {
        "node": ">=14"
      }
    },
    "node_modules/@polkadot/types-create": {
      "version": "10.2.1",
      "resolved": "https://registry.npmjs.org/@polkadot/types-create/-/types-create-10.2.1.tgz",
      "integrity": "sha512-OWRmsBsy4ee+KyGwO5iySdqCgObaDcyVU+IxzjagrU+HadioDdqI8m+Ptjy2DG/wbjd+NCCplyJ80TM++1+SDA==",
      "dependencies": {
        "@polkadot/types-codec": "10.2.1",
        "@polkadot/util": "^11.1.2",
        "tslib": "^2.5.0"
      },
      "engines": {
        "node": ">=14"
      }
    },
    "node_modules/@polkadot/types-known": {
      "version": "10.2.1",
      "resolved": "https://registry.npmjs.org/@polkadot/types-known/-/types-known-10.2.1.tgz",
      "integrity": "sha512-DJEfhCBmqRjiL0VF6pqGExczqtOI/o4tg9UI2OUGHPGIKixyHAIiBd1wS+tKWC3toibzI3QVCIDCAPhkuLJJBw==",
      "peer": true,
      "dependencies": {
        "@polkadot/networks": "^11.1.2",
        "@polkadot/types": "10.2.1",
        "@polkadot/types-codec": "10.2.1",
        "@polkadot/types-create": "10.2.1",
        "@polkadot/util": "^11.1.2",
        "tslib": "^2.5.0"
      },
      "engines": {
        "node": ">=14"
      }
    },
    "node_modules/@polkadot/types-support": {
      "version": "10.2.1",
      "resolved": "https://registry.npmjs.org/@polkadot/types-support/-/types-support-10.2.1.tgz",
      "integrity": "sha512-e7CUGtdYazYmoGUGNp1ZDl7Jo++j9d/U64/aZg1pULvi69sBmKQAtdHzJtxMUgZk+f9VDmcA07n1bvfXZUltew==",
      "dependencies": {
        "@polkadot/util": "^11.1.2",
        "tslib": "^2.5.0"
      },
      "engines": {
        "node": ">=14"
      }
    },
    "node_modules/@polkadot/util": {
      "version": "11.1.2",
      "resolved": "https://registry.npmjs.org/@polkadot/util/-/util-11.1.2.tgz",
      "integrity": "sha512-DtVjZgiCEJfrnX/I8gWxG/11ObQeWG2aA0HA+8ek2j//Q2W1Jfq7xvQPupmvrlQaBlHZnkqolgIUXy6UdM98mg==",
      "dependencies": {
        "@polkadot/x-bigint": "11.1.2",
        "@polkadot/x-global": "11.1.2",
        "@polkadot/x-textdecoder": "11.1.2",
        "@polkadot/x-textencoder": "11.1.2",
        "@types/bn.js": "^5.1.1",
        "bn.js": "^5.2.1",
        "tslib": "^2.5.0"
      },
      "engines": {
        "node": ">=14"
      }
    },
    "node_modules/@polkadot/util-crypto": {
      "version": "11.1.2",
      "resolved": "https://registry.npmjs.org/@polkadot/util-crypto/-/util-crypto-11.1.2.tgz",
      "integrity": "sha512-9+M4mqhmvtZ0eNfHjy+TuelXG8e2+vZAXLkPrzx0jPMnzhc7mqwBeIMgkV96kMVFPawLNscQGTSZ/ofkU8KYAw==",
      "dependencies": {
        "@noble/hashes": "1.3.0",
        "@noble/secp256k1": "1.7.1",
        "@polkadot/networks": "11.1.2",
        "@polkadot/util": "11.1.2",
        "@polkadot/wasm-crypto": "^7.0.3",
        "@polkadot/x-bigint": "11.1.2",
        "@polkadot/x-randomvalues": "11.1.2",
        "@scure/base": "1.1.1",
        "tslib": "^2.5.0",
        "tweetnacl": "^1.0.3"
      },
      "engines": {
        "node": ">=14"
      },
      "peerDependencies": {
        "@polkadot/util": "11.1.2"
      }
    },
    "node_modules/@polkadot/wasm-bridge": {
      "version": "7.0.3",
      "resolved": "https://registry.npmjs.org/@polkadot/wasm-bridge/-/wasm-bridge-7.0.3.tgz",
      "integrity": "sha512-q5qyhkGE9lHQmThNg6G5zCM4gYip2KtmR+De/URX7yWAO6snsinFqt066RFVuHvX1hZijrYSe/BGQABAUtH4pw==",
      "dependencies": {
        "tslib": "^2.5.0"
      },
      "engines": {
        "node": ">=14.0.0"
      },
      "peerDependencies": {
        "@polkadot/util": "*",
        "@polkadot/x-randomvalues": "*"
      }
    },
    "node_modules/@polkadot/wasm-crypto": {
      "version": "7.0.3",
      "resolved": "https://registry.npmjs.org/@polkadot/wasm-crypto/-/wasm-crypto-7.0.3.tgz",
      "integrity": "sha512-mOCLCaL9cyrU72PCc9nMNAj3zdvOzau5mOGJjLahIz+mqlHAoAmEXCAJvJ2qCo7OFl8QiDToAEGhdDWQfiHUyg==",
      "dependencies": {
        "@polkadot/wasm-bridge": "7.0.3",
        "@polkadot/wasm-crypto-asmjs": "7.0.3",
        "@polkadot/wasm-crypto-init": "7.0.3",
        "@polkadot/wasm-crypto-wasm": "7.0.3",
        "@polkadot/wasm-util": "7.0.3",
        "tslib": "^2.5.0"
      },
      "engines": {
        "node": ">=14.0.0"
      },
      "peerDependencies": {
        "@polkadot/util": "*",
        "@polkadot/x-randomvalues": "*"
      }
    },
    "node_modules/@polkadot/wasm-crypto-asmjs": {
      "version": "7.0.3",
      "resolved": "https://registry.npmjs.org/@polkadot/wasm-crypto-asmjs/-/wasm-crypto-asmjs-7.0.3.tgz",
      "integrity": "sha512-ldMZjowYywn0Uj7jSr8a21rrlFFq/jWhCXVl21/KDcYGdFEfIajqbcrO5cHoT6w95sQgAwMWJwwDClXOaBjc/Q==",
      "dependencies": {
        "tslib": "^2.5.0"
      },
      "engines": {
        "node": ">=14.0.0"
      },
      "peerDependencies": {
        "@polkadot/util": "*"
      }
    },
    "node_modules/@polkadot/wasm-crypto-init": {
      "version": "7.0.3",
      "resolved": "https://registry.npmjs.org/@polkadot/wasm-crypto-init/-/wasm-crypto-init-7.0.3.tgz",
      "integrity": "sha512-W4ClfPrzOTqiX0x4h6rXjCt8UsVsbg3zU7LJFFjeLgrguPoKTLGw4h5O1rR2H7EuMFbuqdztzJn3qTjBcR03Cg==",
      "dependencies": {
        "@polkadot/wasm-bridge": "7.0.3",
        "@polkadot/wasm-crypto-asmjs": "7.0.3",
        "@polkadot/wasm-crypto-wasm": "7.0.3",
        "tslib": "^2.5.0"
      },
      "engines": {
        "node": ">=14.0.0"
      },
      "peerDependencies": {
        "@polkadot/util": "*",
        "@polkadot/x-randomvalues": "*"
      }
    },
    "node_modules/@polkadot/wasm-crypto-wasm": {
      "version": "7.0.3",
      "resolved": "https://registry.npmjs.org/@polkadot/wasm-crypto-wasm/-/wasm-crypto-wasm-7.0.3.tgz",
      "integrity": "sha512-FRjUADiA3wMkjJqQLgB0v9rbSADcb2PY/6dJi06iza9m41HebTN3x7f5D3gWTCfgJjzWLAPchY2Hwsa0WpTQkw==",
      "dependencies": {
        "@polkadot/wasm-util": "7.0.3",
        "tslib": "^2.5.0"
      },
      "engines": {
        "node": ">=14.0.0"
      },
      "peerDependencies": {
        "@polkadot/util": "*"
      }
    },
    "node_modules/@polkadot/wasm-util": {
      "version": "7.0.3",
      "resolved": "https://registry.npmjs.org/@polkadot/wasm-util/-/wasm-util-7.0.3.tgz",
      "integrity": "sha512-L9U5nSbzr5xa2YSpveP/zZxhOB6i8ibssK+ihuG+7SICYtTC0B9wJp/UnjP/c6bEDlMV3yWiNXJPBTJMGmkmIQ==",
      "dependencies": {
        "tslib": "^2.5.0"
      },
      "engines": {
        "node": ">=14.0.0"
      },
      "peerDependencies": {
        "@polkadot/util": "*"
      }
    },
    "node_modules/@polkadot/x-bigint": {
      "version": "11.1.2",
      "resolved": "https://registry.npmjs.org/@polkadot/x-bigint/-/x-bigint-11.1.2.tgz",
      "integrity": "sha512-IUsYpkWmHeYyHnGLzFd129YtqZp0oRc8n0bb5+M2tHHPHbwfTBreSP6CimGfcJsmGO9KfWEkzZdvWxYcXzZX+Q==",
      "dependencies": {
        "@polkadot/x-global": "11.1.2",
        "tslib": "^2.5.0"
      },
      "engines": {
        "node": ">=14"
      }
    },
    "node_modules/@polkadot/x-fetch": {
      "version": "11.1.2",
      "resolved": "https://registry.npmjs.org/@polkadot/x-fetch/-/x-fetch-11.1.2.tgz",
      "integrity": "sha512-c7KF6Zbu2grfgLXrQAhTfW712ZYCJSMDIhxqNVDjBJlWEw1lyOvss79/LpKJGxEAvNIFVaUerxUyl7Rymkm0ug==",
      "dependencies": {
        "@polkadot/x-global": "11.1.2",
        "node-fetch": "^3.3.1",
        "tslib": "^2.5.0"
      },
      "engines": {
        "node": ">=14"
      }
    },
    "node_modules/@polkadot/x-global": {
      "version": "11.1.2",
      "resolved": "https://registry.npmjs.org/@polkadot/x-global/-/x-global-11.1.2.tgz",
      "integrity": "sha512-o/MV4ta7+teq8qOSXpaV7Dtk+9NltuRzsXEHiaqnLwaIXEQ2H7GJ+f/K7c+jQApEkdLp+iCt0D/lLjkW17vc2A==",
      "dependencies": {
        "tslib": "^2.5.0"
      },
      "engines": {
        "node": ">=14"
      }
    },
    "node_modules/@polkadot/x-randomvalues": {
      "version": "11.1.2",
      "resolved": "https://registry.npmjs.org/@polkadot/x-randomvalues/-/x-randomvalues-11.1.2.tgz",
      "integrity": "sha512-hiAF1MfHVVkmFALikYMOi81Nh13gvg9E5yiW27jS33fyOR8d2mXt17QQzmfPCD3rkXwKZ8FI29sSTUXki1LL3Q==",
      "dependencies": {
        "@polkadot/x-global": "11.1.2",
        "tslib": "^2.5.0"
      },
      "engines": {
        "node": ">=14"
      }
    },
    "node_modules/@polkadot/x-textdecoder": {
      "version": "11.1.2",
      "resolved": "https://registry.npmjs.org/@polkadot/x-textdecoder/-/x-textdecoder-11.1.2.tgz",
      "integrity": "sha512-CoRd680J6YtW1L5+XhsY8jCT3+esj82AttraiuB0DZ85t/IOT/8hji/MJJAXn6a+cgJqVNgHzrnpiCFYfsMKtA==",
      "dependencies": {
        "@polkadot/x-global": "11.1.2",
        "tslib": "^2.5.0"
      },
      "engines": {
        "node": ">=14"
      }
    },
    "node_modules/@polkadot/x-textencoder": {
      "version": "11.1.2",
      "resolved": "https://registry.npmjs.org/@polkadot/x-textencoder/-/x-textencoder-11.1.2.tgz",
      "integrity": "sha512-faZB0DRMJm54nrf8pTnE3ecHfZWi9cyQSx1ocqzjL/+J627alMvfPM7NBXU+HlmtENEbmRSgt6m9rIJKOL2LZw==",
      "dependencies": {
        "@polkadot/x-global": "11.1.2",
        "tslib": "^2.5.0"
      },
      "engines": {
        "node": ">=14"
      }
    },
    "node_modules/@polkadot/x-ws": {
      "version": "11.1.2",
      "resolved": "https://registry.npmjs.org/@polkadot/x-ws/-/x-ws-11.1.2.tgz",
      "integrity": "sha512-Sp7BnGT8LKXDsGV5j8IzRtChuM39QiMPm6VL4mdDqhVyuqSSAtnLG3ZCuwE0EuREkduZxu1NaIToDeMeeXqxyg==",
      "dependencies": {
        "@polkadot/x-global": "11.1.2",
        "tslib": "^2.5.0",
        "ws": "^8.13.0"
      },
      "engines": {
        "node": ">=14"
      }
    },
    "node_modules/@scure/base": {
      "version": "1.1.1",
      "resolved": "https://registry.npmjs.org/@scure/base/-/base-1.1.1.tgz",
      "integrity": "sha512-ZxOhsSyxYwLJj3pLZCefNitxsj093tb2vq90mp2txoYeBqbcjDjqFhyM8eUjq/uFm6zJ+mUuqxlS2FkuSY1MTA==",
      "funding": [
        {
          "type": "individual",
          "url": "https://paulmillr.com/funding/"
        }
      ]
    },
    "node_modules/@substrate/connect": {
      "version": "0.7.22",
      "resolved": "https://registry.npmjs.org/@substrate/connect/-/connect-0.7.22.tgz",
      "integrity": "sha512-g12IYiepPu0OFWcm87ugDbfPr5a9TCGd4HJv1zXB2TRP/ZvYtHCE9+ftA5IvJbJPw6CI6/0XmUbP7Nz19HT/aw==",
      "optional": true,
      "dependencies": {
        "@substrate/connect-extension-protocol": "^1.0.1",
        "eventemitter3": "^4.0.7",
        "smoldot": "1.0.0"
      }
    },
    "node_modules/@substrate/connect-extension-protocol": {
      "version": "1.0.1",
      "resolved": "https://registry.npmjs.org/@substrate/connect-extension-protocol/-/connect-extension-protocol-1.0.1.tgz",
      "integrity": "sha512-161JhCC1csjH3GE5mPLEd7HbWtwNSPJBg3p1Ksz9SFlTzj/bgEwudiRN2y5i0MoLGCIJRYKyKGMxVnd29PzNjg==",
      "optional": true
    },
    "node_modules/@substrate/connect/node_modules/eventemitter3": {
      "version": "4.0.7",
      "resolved": "https://registry.npmjs.org/eventemitter3/-/eventemitter3-4.0.7.tgz",
      "integrity": "sha512-8guHBZCwKnFhYdHr2ysuRWErTwhoN2X8XELRlrRwpmfeY2jjuUN4taQMsULKUVo1K4DvZl+0pgfyoysHxvmvEw==",
      "optional": true
    },
    "node_modules/@substrate/ss58-registry": {
      "version": "1.39.0",
      "resolved": "https://registry.npmjs.org/@substrate/ss58-registry/-/ss58-registry-1.39.0.tgz",
      "integrity": "sha512-qZYpuE6n+mwew+X71dOur/CbMXj6rNW27o63JeJwdQH/GvcSKm3JLNhd+bGzwUKg0D/zD30Qc6p4JykArzM+tA=="
    },
    "node_modules/@swc/helpers": {
      "version": "0.4.14",
      "resolved": "https://registry.npmjs.org/@swc/helpers/-/helpers-0.4.14.tgz",
      "integrity": "sha512-4C7nX/dvpzB7za4Ql9K81xK3HPxCpHMgwTZVyf+9JQ6VUbn9jjZVN7/Nkdz/Ugzs2CSjqnL/UPXroiVBVHUWUw==",
      "dependencies": {
        "tslib": "^2.4.0"
      }
    },
    "node_modules/@types/bn.js": {
      "version": "5.1.1",
      "resolved": "https://registry.npmjs.org/@types/bn.js/-/bn.js-5.1.1.tgz",
      "integrity": "sha512-qNrYbZqMx0uJAfKnKclPh+dTwK33KfLHYqtyODwd5HnXOjnkhc4qgn3BrK6RWyGZm5+sIFE7Q7Vz6QQtJB7w7g==",
      "dependencies": {
        "@types/node": "*"
      }
    },
    "node_modules/@types/node": {
      "version": "18.15.11",
      "resolved": "https://registry.npmjs.org/@types/node/-/node-18.15.11.tgz",
      "integrity": "sha512-E5Kwq2n4SbMzQOn6wnmBjuK9ouqlURrcZDVfbo9ftDDTFt3nk7ZKK4GMOzoYgnpQJKcxwQw+lGaBvvlMo0qN/Q=="
    },
    "node_modules/argparse": {
      "version": "1.0.10",
      "resolved": "https://registry.npmjs.org/argparse/-/argparse-1.0.10.tgz",
      "integrity": "sha512-o5Roy6tNG4SL/FOkCAN6RzjiakZS25RLYFrcMttJqbdd8BWrnA+fGz57iN5Pb06pvBGvl5gQ0B48dJlslXvoTg==",
      "dependencies": {
        "sprintf-js": "~1.0.2"
      }
    },
    "node_modules/bn.js": {
      "version": "5.2.1",
      "resolved": "https://registry.npmjs.org/bn.js/-/bn.js-5.2.1.tgz",
      "integrity": "sha512-eXRvHzWyYPBuB4NBy0cmYQjGitUrtqwbvlzP3G6VFnNRbsZQIxQ10PbKKHt8gZ/HW/D/747aDl+QkDqg3KQLMQ=="
    },
    "node_modules/caniuse-lite": {
      "version": "1.0.30001469",
      "resolved": "https://registry.npmjs.org/caniuse-lite/-/caniuse-lite-1.0.30001469.tgz",
      "integrity": "sha512-Rcp7221ScNqQPP3W+lVOYDyjdR6dC+neEQCttoNr5bAyz54AboB4iwpnWgyi8P4YUsPybVzT4LgWiBbI3drL4g==",
      "funding": [
        {
          "type": "opencollective",
          "url": "https://opencollective.com/browserslist"
        },
        {
          "type": "tidelift",
          "url": "https://tidelift.com/funding/github/npm/caniuse-lite"
        }
      ]
    },
    "node_modules/client-only": {
      "version": "0.0.1",
      "resolved": "https://registry.npmjs.org/client-only/-/client-only-0.0.1.tgz",
      "integrity": "sha512-IV3Ou0jSMzZrd3pZ48nLkT9DA7Ag1pnPzaiQhpW7c3RbcqqzvzzVu+L8gfqMp/8IM2MQtSiqaCxrrcfu8I8rMA=="
    },
    "node_modules/data-uri-to-buffer": {
      "version": "4.0.1",
      "resolved": "https://registry.npmjs.org/data-uri-to-buffer/-/data-uri-to-buffer-4.0.1.tgz",
      "integrity": "sha512-0R9ikRb668HB7QDxT1vkpuUBtqc53YyAwMwGeUFKRojY/NWKvdZ+9UYtRfGmhqNbRkTSVpMbmyhXipFFv2cb/A==",
      "engines": {
        "node": ">= 12"
      }
    },
    "node_modules/debug": {
      "version": "4.3.4",
      "resolved": "https://registry.npmjs.org/debug/-/debug-4.3.4.tgz",
      "integrity": "sha512-PRWFHuSU3eDtQJPvnNY7Jcket1j0t5OuOsFzPPzsekD52Zl8qUfFIPEiswXqIvHWGVHOgX+7G/vCNNhehwxfkQ==",
      "dependencies": {
        "ms": "2.1.2"
      },
      "engines": {
        "node": ">=6.0"
      },
      "peerDependenciesMeta": {
        "supports-color": {
          "optional": true
        }
      }
    },
    "node_modules/esprima": {
      "version": "4.0.1",
      "resolved": "https://registry.npmjs.org/esprima/-/esprima-4.0.1.tgz",
      "integrity": "sha512-eGuFFw7Upda+g4p+QHvnW0RyTX/SVeJBDM/gCtMARO0cLuT2HcEKnTPvhjV6aGeqrCB/sbNop0Kszm0jsaWU4A==",
      "bin": {
        "esparse": "bin/esparse.js",
        "esvalidate": "bin/esvalidate.js"
      },
      "engines": {
        "node": ">=4"
      }
    },
    "node_modules/eventemitter3": {
      "version": "5.0.0",
      "resolved": "https://registry.npmjs.org/eventemitter3/-/eventemitter3-5.0.0.tgz",
      "integrity": "sha512-riuVbElZZNXLeLEoprfNYoDSwTBRR44X3mnhdI1YcnENpWTCsTTVZ2zFuqQcpoyqPQIUXdiPEU0ECAq0KQRaHg=="
    },
    "node_modules/extend-shallow": {
      "version": "2.0.1",
      "resolved": "https://registry.npmjs.org/extend-shallow/-/extend-shallow-2.0.1.tgz",
      "integrity": "sha512-zCnTtlxNoAiDc3gqY2aYAWFx7XWWiasuF2K8Me5WbN8otHKTUKBwjPtNpRs/rbUZm7KxWAaNj7P1a/p52GbVug==",
      "dependencies": {
        "is-extendable": "^0.1.0"
      },
      "engines": {
        "node": ">=0.10.0"
      }
    },
    "node_modules/fetch-blob": {
      "version": "3.2.0",
      "resolved": "https://registry.npmjs.org/fetch-blob/-/fetch-blob-3.2.0.tgz",
      "integrity": "sha512-7yAQpD2UMJzLi1Dqv7qFYnPbaPx7ZfFK6PiIxQ4PfkGPyNyl2Ugx+a/umUonmKqjhM4DnfbMvdX6otXq83soQQ==",
      "funding": [
        {
          "type": "github",
          "url": "https://github.com/sponsors/jimmywarting"
        },
        {
          "type": "paypal",
          "url": "https://paypal.me/jimmywarting"
        }
      ],
      "dependencies": {
        "node-domexception": "^1.0.0",
        "web-streams-polyfill": "^3.0.3"
      },
      "engines": {
        "node": "^12.20 || >= 14.13"
      }
    },
    "node_modules/formdata-polyfill": {
      "version": "4.0.10",
      "resolved": "https://registry.npmjs.org/formdata-polyfill/-/formdata-polyfill-4.0.10.tgz",
      "integrity": "sha512-buewHzMvYL29jdeQTVILecSaZKnt/RJWjoZCF5OW60Z67/GmSLBkOFM7qh1PI3zFNtJbaZL5eQu1vLfazOwj4g==",
      "dependencies": {
        "fetch-blob": "^3.1.2"
      },
      "engines": {
        "node": ">=12.20.0"
      }
    },
    "node_modules/gray-matter": {
      "version": "4.0.3",
      "resolved": "https://registry.npmjs.org/gray-matter/-/gray-matter-4.0.3.tgz",
      "integrity": "sha512-5v6yZd4JK3eMI3FqqCouswVqwugaA9r4dNZB1wwcmrD02QkV5H0y7XBQW8QwQqEaZY1pM9aqORSORhJRdNK44Q==",
      "dependencies": {
        "js-yaml": "^3.13.1",
        "kind-of": "^6.0.2",
        "section-matter": "^1.0.0",
        "strip-bom-string": "^1.0.0"
      },
      "engines": {
        "node": ">=6.0"
      }
    },
    "node_modules/is-extendable": {
      "version": "0.1.1",
      "resolved": "https://registry.npmjs.org/is-extendable/-/is-extendable-0.1.1.tgz",
      "integrity": "sha512-5BMULNob1vgFX6EjQw5izWDxrecWK9AM72rugNr0TFldMOi0fj6Jk+zeKIt0xGj4cEfQIJth4w3OKWOJ4f+AFw==",
      "engines": {
        "node": ">=0.10.0"
      }
    },
    "node_modules/js-tokens": {
      "version": "4.0.0",
      "resolved": "https://registry.npmjs.org/js-tokens/-/js-tokens-4.0.0.tgz",
      "integrity": "sha512-RdJUflcE3cUzKiMqQgsCu06FPu9UdIJO0beYbPhHN4k6apgJtifcoCtT9bcxOpYBtpD2kCM6Sbzg4CausW/PKQ=="
    },
    "node_modules/js-yaml": {
      "version": "3.14.1",
      "resolved": "https://registry.npmjs.org/js-yaml/-/js-yaml-3.14.1.tgz",
      "integrity": "sha512-okMH7OXXJ7YrN9Ok3/SXrnu4iX9yOk+25nqX4imS2npuvTYDmo/QEZoqwZkYaIDk3jVvBOTOIEgEhaLOynBS9g==",
      "dependencies": {
        "argparse": "^1.0.7",
        "esprima": "^4.0.0"
      },
      "bin": {
        "js-yaml": "bin/js-yaml.js"
      }
    },
    "node_modules/json-stringify-safe": {
      "version": "5.0.1",
      "resolved": "https://registry.npmjs.org/json-stringify-safe/-/json-stringify-safe-5.0.1.tgz",
      "integrity": "sha512-ZClg6AaYvamvYEE82d3Iyd3vSSIjQ+odgjaTzRuO3s7toCdFKczob2i0zCh7JE8kWn17yvAWhUVxvqGwUalsRA=="
    },
    "node_modules/kind-of": {
      "version": "6.0.3",
      "resolved": "https://registry.npmjs.org/kind-of/-/kind-of-6.0.3.tgz",
      "integrity": "sha512-dcS1ul+9tmeD95T+x28/ehLgd9mENa3LsvDTtzm3vyBEO7RPptvAD+t44WVXaUjTBRcrpFeFlC8WCruUR456hw==",
      "engines": {
        "node": ">=0.10.0"
      }
    },
    "node_modules/lodash": {
      "version": "4.17.21",
      "resolved": "https://registry.npmjs.org/lodash/-/lodash-4.17.21.tgz",
      "integrity": "sha512-v2kDEe57lecTulaDIuNTPy3Ry4gLGJ6Z1O3vE1krgXZNrsQ+LFTGHVxVjcXPs17LhbZVGedAJv8XZ1tvj5FvSg=="
    },
    "node_modules/loose-envify": {
      "version": "1.4.0",
      "resolved": "https://registry.npmjs.org/loose-envify/-/loose-envify-1.4.0.tgz",
      "integrity": "sha512-lyuxPGr/Wfhrlem2CL/UcnUc1zcqKAImBDzukY7Y5F/yQiNdko6+fRLevlw1HgMySw7f611UIY408EtxRSoK3Q==",
      "dependencies": {
        "js-tokens": "^3.0.0 || ^4.0.0"
      },
      "bin": {
        "loose-envify": "cli.js"
      }
    },
    "node_modules/mock-socket": {
      "version": "9.2.1",
      "resolved": "https://registry.npmjs.org/mock-socket/-/mock-socket-9.2.1.tgz",
      "integrity": "sha512-aw9F9T9G2zpGipLLhSNh6ZpgUyUl4frcVmRN08uE1NWPWg43Wx6+sGPDbQ7E5iFZZDJW5b5bypMeAEHqTbIFag==",
      "engines": {
        "node": ">= 8"
      }
    },
    "node_modules/ms": {
      "version": "2.1.2",
      "resolved": "https://registry.npmjs.org/ms/-/ms-2.1.2.tgz",
      "integrity": "sha512-sGkPx+VjMtmA6MX27oA4FBFELFCZZ4S4XqeGOXCv68tT+jb3vk/RyaKWP0PTKyWtmLSM0b+adUTEvbs1PEaH2w=="
    },
    "node_modules/nanoid": {
      "version": "3.3.4",
      "resolved": "https://registry.npmjs.org/nanoid/-/nanoid-3.3.4.tgz",
      "integrity": "sha512-MqBkQh/OHTS2egovRtLk45wEyNXwF+cokD+1YPf9u5VfJiRdAiRwB2froX5Co9Rh20xs4siNPm8naNotSD6RBw==",
      "bin": {
        "nanoid": "bin/nanoid.cjs"
      },
      "engines": {
        "node": "^10 || ^12 || ^13.7 || ^14 || >=15.0.1"
      }
    },
    "node_modules/next": {
      "version": "13.2.4",
      "resolved": "https://registry.npmjs.org/next/-/next-13.2.4.tgz",
      "integrity": "sha512-g1I30317cThkEpvzfXujf0O4wtaQHtDCLhlivwlTJ885Ld+eOgcz7r3TGQzeU+cSRoNHtD8tsJgzxVdYojFssw==",
      "dependencies": {
        "@next/env": "13.2.4",
        "@swc/helpers": "0.4.14",
        "caniuse-lite": "^1.0.30001406",
        "postcss": "8.4.14",
        "styled-jsx": "5.1.1"
      },
      "bin": {
        "next": "dist/bin/next"
      },
      "engines": {
        "node": ">=14.6.0"
      },
      "optionalDependencies": {
        "@next/swc-android-arm-eabi": "13.2.4",
        "@next/swc-android-arm64": "13.2.4",
        "@next/swc-darwin-arm64": "13.2.4",
        "@next/swc-darwin-x64": "13.2.4",
        "@next/swc-freebsd-x64": "13.2.4",
        "@next/swc-linux-arm-gnueabihf": "13.2.4",
        "@next/swc-linux-arm64-gnu": "13.2.4",
        "@next/swc-linux-arm64-musl": "13.2.4",
        "@next/swc-linux-x64-gnu": "13.2.4",
        "@next/swc-linux-x64-musl": "13.2.4",
        "@next/swc-win32-arm64-msvc": "13.2.4",
        "@next/swc-win32-ia32-msvc": "13.2.4",
        "@next/swc-win32-x64-msvc": "13.2.4"
      },
      "peerDependencies": {
        "@opentelemetry/api": "^1.4.0",
        "fibers": ">= 3.1.0",
        "node-sass": "^6.0.0 || ^7.0.0",
        "react": "^18.2.0",
        "react-dom": "^18.2.0",
        "sass": "^1.3.0"
      },
      "peerDependenciesMeta": {
        "@opentelemetry/api": {
          "optional": true
        },
        "fibers": {
          "optional": true
        },
        "node-sass": {
          "optional": true
        },
        "sass": {
          "optional": true
        }
      }
    },
    "node_modules/nock": {
      "version": "13.3.0",
      "resolved": "https://registry.npmjs.org/nock/-/nock-13.3.0.tgz",
      "integrity": "sha512-HHqYQ6mBeiMc+N038w8LkMpDCRquCHWeNmN3v6645P3NhN2+qXOBqvPqo7Rt1VyCMzKhJ733wZqw5B7cQVFNPg==",
      "dependencies": {
        "debug": "^4.1.0",
        "json-stringify-safe": "^5.0.1",
        "lodash": "^4.17.21",
        "propagate": "^2.0.0"
      },
      "engines": {
        "node": ">= 10.13"
      }
    },
    "node_modules/node-domexception": {
      "version": "1.0.0",
      "resolved": "https://registry.npmjs.org/node-domexception/-/node-domexception-1.0.0.tgz",
      "integrity": "sha512-/jKZoMpw0F8GRwl4/eLROPA3cfcXtLApP0QzLmUT/HuPCZWyB7IY9ZrMeKw2O/nFIqPQB3PVM9aYm0F312AXDQ==",
      "funding": [
        {
          "type": "github",
          "url": "https://github.com/sponsors/jimmywarting"
        },
        {
          "type": "github",
          "url": "https://paypal.me/jimmywarting"
        }
      ],
      "engines": {
        "node": ">=10.5.0"
      }
    },
    "node_modules/node-fetch": {
      "version": "3.3.1",
      "resolved": "https://registry.npmjs.org/node-fetch/-/node-fetch-3.3.1.tgz",
      "integrity": "sha512-cRVc/kyto/7E5shrWca1Wsea4y6tL9iYJE5FBCius3JQfb/4P4I295PfhgbJQBLTx6lATE4z+wK0rPM4VS2uow==",
      "dependencies": {
        "data-uri-to-buffer": "^4.0.0",
        "fetch-blob": "^3.1.4",
        "formdata-polyfill": "^4.0.10"
      },
      "engines": {
        "node": "^12.20.0 || ^14.13.1 || >=16.0.0"
      },
      "funding": {
        "type": "opencollective",
        "url": "https://opencollective.com/node-fetch"
      }
    },
    "node_modules/pako": {
      "version": "2.1.0",
      "resolved": "https://registry.npmjs.org/pako/-/pako-2.1.0.tgz",
      "integrity": "sha512-w+eufiZ1WuJYgPXbV/PO3NCMEc3xqylkKHzp8bxp1uW4qaSNQUkwmLLEc3kKsfz8lpV1F8Ht3U1Cm+9Srog2ug==",
      "optional": true
    },
    "node_modules/picocolors": {
      "version": "1.0.0",
      "resolved": "https://registry.npmjs.org/picocolors/-/picocolors-1.0.0.tgz",
      "integrity": "sha512-1fygroTLlHu66zi26VoTDv8yRgm0Fccecssto+MhsZ0D/DGW2sm8E8AjW7NU5VVTRt5GxbeZ5qBuJr+HyLYkjQ=="
    },
    "node_modules/postcss": {
      "version": "8.4.14",
      "resolved": "https://registry.npmjs.org/postcss/-/postcss-8.4.14.tgz",
      "integrity": "sha512-E398TUmfAYFPBSdzgeieK2Y1+1cpdxJx8yXbK/m57nRhKSmk1GB2tO4lbLBtlkfPQTDKfe4Xqv1ASWPpayPEig==",
      "funding": [
        {
          "type": "opencollective",
          "url": "https://opencollective.com/postcss/"
        },
        {
          "type": "tidelift",
          "url": "https://tidelift.com/funding/github/npm/postcss"
        }
      ],
      "dependencies": {
        "nanoid": "^3.3.4",
        "picocolors": "^1.0.0",
        "source-map-js": "^1.0.2"
      },
      "engines": {
        "node": "^10 || ^12 || >=14"
      }
    },
    "node_modules/propagate": {
      "version": "2.0.1",
      "resolved": "https://registry.npmjs.org/propagate/-/propagate-2.0.1.tgz",
      "integrity": "sha512-vGrhOavPSTz4QVNuBNdcNXePNdNMaO1xj9yBeH1ScQPjk/rhg9sSlCXPhMkFuaNNW/syTvYqsnbIJxMBfRbbag==",
      "engines": {
        "node": ">= 8"
      }
    },
    "node_modules/react": {
      "version": "18.2.0",
      "resolved": "https://registry.npmjs.org/react/-/react-18.2.0.tgz",
      "integrity": "sha512-/3IjMdb2L9QbBdWiW5e3P2/npwMBaU9mHCSCUzNln0ZCYbcfTsGbTJrU/kGemdH2IWmB2ioZ+zkxtmq6g09fGQ==",
      "dependencies": {
        "loose-envify": "^1.1.0"
      },
      "engines": {
        "node": ">=0.10.0"
      }
    },
    "node_modules/react-dom": {
      "version": "18.2.0",
      "resolved": "https://registry.npmjs.org/react-dom/-/react-dom-18.2.0.tgz",
      "integrity": "sha512-6IMTriUmvsjHUjNtEDudZfuDQUoWXVxKHhlEGSk81n4YFS+r/Kl99wXiwlVXtPBtJenozv2P+hxDsw9eA7Xo6g==",
      "dependencies": {
        "loose-envify": "^1.1.0",
        "scheduler": "^0.23.0"
      },
      "peerDependencies": {
        "react": "^18.2.0"
      }
    },
    "node_modules/rxjs": {
      "version": "7.8.0",
      "resolved": "https://registry.npmjs.org/rxjs/-/rxjs-7.8.0.tgz",
      "integrity": "sha512-F2+gxDshqmIub1KdvZkaEfGDwLNpPvk9Fs6LD/MyQxNgMds/WH9OdDDXOmxUZpME+iSK3rQCctkL0DYyytUqMg==",
      "dependencies": {
        "tslib": "^2.1.0"
      }
    },
    "node_modules/scheduler": {
      "version": "0.23.0",
      "resolved": "https://registry.npmjs.org/scheduler/-/scheduler-0.23.0.tgz",
      "integrity": "sha512-CtuThmgHNg7zIZWAXi3AsyIzA3n4xx7aNyjwC2VJldO2LMVDhFK+63xGqq6CsJH4rTAt6/M+N4GhZiDYPx9eUw==",
      "dependencies": {
        "loose-envify": "^1.1.0"
      }
    },
    "node_modules/section-matter": {
      "version": "1.0.0",
      "resolved": "https://registry.npmjs.org/section-matter/-/section-matter-1.0.0.tgz",
      "integrity": "sha512-vfD3pmTzGpufjScBh50YHKzEu2lxBWhVEHsNGoEXmCmn2hKGfeNLYMzCJpe8cD7gqX7TJluOVpBkAequ6dgMmA==",
      "dependencies": {
        "extend-shallow": "^2.0.1",
        "kind-of": "^6.0.0"
      },
      "engines": {
        "node": ">=4"
      }
    },
    "node_modules/smoldot": {
      "version": "1.0.0",
      "resolved": "https://registry.npmjs.org/smoldot/-/smoldot-1.0.0.tgz",
      "integrity": "sha512-3/y/poD7j42NL6Z/Gp4OLm1qx8svyy255XQ5xRkjv9+O50RT0SeEmnBZmEbVmi1w6WmamPjt8URdzfN7xxgK9Q==",
      "optional": true,
      "dependencies": {
        "pako": "^2.0.4",
        "ws": "^8.8.1"
      }
    },
    "node_modules/source-map-js": {
      "version": "1.0.2",
      "resolved": "https://registry.npmjs.org/source-map-js/-/source-map-js-1.0.2.tgz",
      "integrity": "sha512-R0XvVJ9WusLiqTCEiGCmICCMplcCkIwwR11mOSD9CR5u+IXYdiseeEuXCVAjS54zqwkLcPNnmU4OeJ6tUrWhDw==",
      "engines": {
        "node": ">=0.10.0"
      }
    },
    "node_modules/sprintf-js": {
      "version": "1.0.3",
      "resolved": "https://registry.npmjs.org/sprintf-js/-/sprintf-js-1.0.3.tgz",
      "integrity": "sha512-D9cPgkvLlV3t3IzL0D0YLvGA9Ahk4PcvVwUbN0dSGr1aP0Nrt4AEnTUbuGvquEC0mA64Gqt1fzirlRs5ibXx8g=="
    },
    "node_modules/strip-bom-string": {
      "version": "1.0.0",
      "resolved": "https://registry.npmjs.org/strip-bom-string/-/strip-bom-string-1.0.0.tgz",
      "integrity": "sha512-uCC2VHvQRYu+lMh4My/sFNmF2klFymLX1wHJeXnbEJERpV/ZsVuonzerjfrGpIGF7LBVa1O7i9kjiWvJiFck8g==",
      "engines": {
        "node": ">=0.10.0"
      }
    },
    "node_modules/styled-jsx": {
      "version": "5.1.1",
      "resolved": "https://registry.npmjs.org/styled-jsx/-/styled-jsx-5.1.1.tgz",
      "integrity": "sha512-pW7uC1l4mBZ8ugbiZrcIsiIvVx1UmTfw7UkC3Um2tmfUq9Bhk8IiyEIPl6F8agHgjzku6j0xQEZbfA5uSgSaCw==",
      "dependencies": {
        "client-only": "0.0.1"
      },
      "engines": {
        "node": ">= 12.0.0"
      },
      "peerDependencies": {
        "react": ">= 16.8.0 || 17.x.x || ^18.0.0-0"
      },
      "peerDependenciesMeta": {
        "@babel/core": {
          "optional": true
        },
        "babel-plugin-macros": {
          "optional": true
        }
      }
    },
    "node_modules/tslib": {
      "version": "2.5.0",
      "resolved": "https://registry.npmjs.org/tslib/-/tslib-2.5.0.tgz",
      "integrity": "sha512-336iVw3rtn2BUK7ORdIAHTyxHGRIHVReokCR3XjbckJMK7ms8FysBfhLR8IXnAgy7T0PTPNBWKiH514FOW/WSg=="
    },
    "node_modules/tweetnacl": {
      "version": "1.0.3",
      "resolved": "https://registry.npmjs.org/tweetnacl/-/tweetnacl-1.0.3.tgz",
      "integrity": "sha512-6rt+RN7aOi1nGMyC4Xa5DdYiukl2UWCbcJft7YhxReBGQD7OAM8Pbxw6YMo4r2diNEA8FEmu32YOn9rhaiE5yw=="
    },
    "node_modules/web-streams-polyfill": {
      "version": "3.2.1",
      "resolved": "https://registry.npmjs.org/web-streams-polyfill/-/web-streams-polyfill-3.2.1.tgz",
      "integrity": "sha512-e0MO3wdXWKrLbL0DgGnUV7WHVuw9OUvL4hjgnPkIeEvESk74gAITi5G606JtZPp39cd8HA9VQzCIvA49LpPN5Q==",
      "engines": {
        "node": ">= 8"
      }
    },
    "node_modules/ws": {
      "version": "8.13.0",
      "resolved": "https://registry.npmjs.org/ws/-/ws-8.13.0.tgz",
      "integrity": "sha512-x9vcZYTrFPC7aSIbj7sRCYo7L/Xb8Iy+pW0ng0wt2vCJv7M9HOMy0UoN3rr+IFC7hb7vXoqS+P9ktyLLLhO+LA==",
      "engines": {
        "node": ">=10.0.0"
      },
      "peerDependencies": {
        "bufferutil": "^4.0.1",
        "utf-8-validate": ">=5.0.2"
      },
      "peerDependenciesMeta": {
        "bufferutil": {
          "optional": true
        },
        "utf-8-validate": {
          "optional": true
        }
      }
    }
  }
}
